
Microsoft Visual Studio Solution File, Format Version 12.00
# Visual Studio Version 16
VisualStudioVersion = 16.0.30517.126
MinimumVisualStudioVersion = 10.0.40219.1
Project("{9A19103F-16F7-4668-BE54-9A1E7A4F7556}") = "MultiplayerExtensions", "MultiplayerExtensions\MultiplayerExtensions.csproj", "{4641BE95-C3F7-4636-BA24-67188A38D94C}"
EndProject
Project("{9A19103F-16F7-4668-BE54-9A1E7A4F7556}") = "MultiplayerExtensionsTests", "MultiplayerExtensionsTests\MultiplayerExtensionsTests.csproj", "{3FC8386F-B51C-4202-8B50-B1B8B2C6A76C}"
EndProject
Global
	GlobalSection(SolutionConfigurationPlatforms) = preSolution
		Debug|Any CPU = Debug|Any CPU
		Release|Any CPU = Release|Any CPU
	EndGlobalSection
	GlobalSection(ProjectConfigurationPlatforms) = postSolution
		{4641BE95-C3F7-4636-BA24-67188A38D94C}.Debug|Any CPU.ActiveCfg = Debug|Any CPU
		{4641BE95-C3F7-4636-BA24-67188A38D94C}.Debug|Any CPU.Build.0 = Debug|Any CPU
		{4641BE95-C3F7-4636-BA24-67188A38D94C}.Release|Any CPU.ActiveCfg = Release|Any CPU
		{4641BE95-C3F7-4636-BA24-67188A38D94C}.Release|Any CPU.Build.0 = Release|Any CPU
		{3FC8386F-B51C-4202-8B50-B1B8B2C6A76C}.Debug|Any CPU.ActiveCfg = Debug|Any CPU
		{3FC8386F-B51C-4202-8B50-B1B8B2C6A76C}.Debug|Any CPU.Build.0 = Debug|Any CPU
		{3FC8386F-B51C-4202-8B50-B1B8B2C6A76C}.Release|Any CPU.ActiveCfg = Release|Any CPU
		{3FC8386F-B51C-4202-8B50-B1B8B2C6A76C}.Release|Any CPU.Build.0 = Release|Any CPU
	EndGlobalSection
	GlobalSection(SolutionProperties) = preSolution
		HideSolutionNode = FALSE
	EndGlobalSection
	GlobalSection(ExtensibilityGlobals) = postSolution
		SolutionGuid = {E8F0586B-E2CD-47E7-B61F-73A798A37ADA}
	EndGlobalSection
EndGlobal
